
Microsoft Visual Studio Solution File, Format Version 12.00
# Visual Studio 15
VisualStudioVersion = 15.0.28307.421
MinimumVisualStudioVersion = 10.0.40219.1
Project("{9092AA53-FB77-4645-B42D-1CCCA6BD08BD}") = "collections-js", "collections-js\collections-js.njsproj", "{199A409F-FE31-47DC-BC0D-8B1389CC6585}"
EndProject
Global
	GlobalSection(SolutionConfigurationPlatforms) = preSolution
		Debug|Any CPU = Debug|Any CPU
		Release|Any CPU = Release|Any CPU
	EndGlobalSection
	GlobalSection(ProjectConfigurationPlatforms) = postSolution
		{199A409F-FE31-47DC-BC0D-8B1389CC6585}.Debug|Any CPU.ActiveCfg = Debug|Any CPU
		{199A409F-FE31-47DC-BC0D-8B1389CC6585}.Debug|Any CPU.Build.0 = Debug|Any CPU
		{199A409F-FE31-47DC-BC0D-8B1389CC6585}.Release|Any CPU.ActiveCfg = Release|Any CPU
		{199A409F-FE31-47DC-BC0D-8B1389CC6585}.Release|Any CPU.Build.0 = Release|Any CPU
	EndGlobalSection
	GlobalSection(SolutionProperties) = preSolution
		HideSolutionNode = FALSE
	EndGlobalSection
	GlobalSection(ExtensibilityGlobals) = postSolution
		SolutionGuid = {D1047DEB-8D65-4FA0-A3F9-B705D07CC5D6}
	EndGlobalSection
EndGlobal
